schema: '2.0'
stages:
  test:
    cmd: python src/test.py
  data_preprocessing:
    cmd: python src/stage_01_data_preprocess.py
    deps:
    - path: data/data.xml
      md5: a304afb96060aad90176268345e10355
      size: 37891850
    - path: src/stage_01_data_preprocess.py
      md5: 5a8916b226cf923d30605e7507ea3cae
      size: 2172
    - path: src/utils
      md5: 607f813d92c0942a035a953bed569298.dir
      size: 7053
      nfiles: 8
    outs:
    - path: artifacts/prepared
      md5: dc639257fd7e43c167de7349d66763c4.dir
      size: 23886351
      nfiles: 2
  featurization:
    cmd: python src/stage_02_featurization.py
    deps:
    - path: artifacts/prepared
      md5: dc639257fd7e43c167de7349d66763c4.dir
      size: 23886351
      nfiles: 2
    - path: src/stage_02_featurization.py
      md5: 38883c8d81963e51aefb3f9bde1da8a6
      size: 2986
    - path: src/utils
      md5: 607f813d92c0942a035a953bed569298.dir
      size: 7053
      nfiles: 8
    outs:
    - path: artifacts/features
      md5: 2638a56d12c43583c71dc6f020a45b54.dir
      size: 12272480
      nfiles: 2
  training:
    cmd: python src/stage_03_train.py
    deps:
    - path: artifacts/features/train.pkl
      md5: 296954b676c7102e4212fa3e7d7691ed
      size: 8558640
    - path: src/stage_03_train.py
      md5: 0693281cafc064f099e44644f50918f9
      size: 2451
    - path: src/utils
      md5: 607f813d92c0942a035a953bed569298.dir
      size: 7053
      nfiles: 8
    outs:
    - path: artifacts/model/model.pkl
      md5: 4753dde91d321465760505101841392e
      size: 3119312
  evaluation:
    cmd: python src/stage_04_evaluate.py
    deps:
    - path: artifacts/features/test.pkl
      md5: 082d39185c64d407966f659a8f55a7fb
      size: 3713840
    - path: artifacts/model/model.pkl
      md5: 4753dde91d321465760505101841392e
      size: 3119312
    - path: src/stage_04_evaluate.py
      md5: ad0a6ba41d77cd8ab502fa472fbd7d40
      size: 2852
    - path: src/utils
      md5: 607f813d92c0942a035a953bed569298.dir
      size: 7053
      nfiles: 8
    outs:
    - path: prc.json
      md5: 4a510413d6fbcc500ddeb1190359725d
      size: 282
    - path: roc.json
      md5: c0c89c59af78dcb6e6af90ff3910358b
      size: 368
    - path: scores.json
      md5: 35f944bdcdf967895caadf27e34d247c
      size: 76
